
Microsoft Visual Studio Solution File, Format Version 12.00
# Visual Studio Version 17
VisualStudioVersion = 17.5.33424.131
MinimumVisualStudioVersion = 10.0.40219.1
Project("{2150E333-8FDC-42A3-9474-1A3956D46DE8}") = "Task0", "Task0", "{D9122870-F151-430D-80BE-67E174E18B06}"
EndProject
Project("{8BC9CEB8-8B4A-11D0-8D11-00A0C91BC942}") = "Tyuiu.GandaloevMG.Sprint0.Task0.V0", "Tyuiu.GandaloevMG.Sprint0.Task0.V0\Tyuiu.GandaloevMG.Sprint0.Task0.V0.vcxproj", "{147D755D-1B2C-42EC-822A-0A35E27D632C}"
EndProject
Project("{2150E333-8FDC-42A3-9474-1A3956D46DE8}") = "Task1", "Task1", "{E1FA2C32-4868-45EE-BF84-AFBC900AB3CE}"
EndProject
Project("{8BC9CEB8-8B4A-11D0-8D11-00A0C91BC942}") = "Tyuiu.GandaloevMG.Sprint0.Task1.V0", "Tyuiu.GandaloevMG.Sprint0.Task1.V0\Tyuiu.GandaloevMG.Sprint0.Task1.V0.vcxproj", "{E8FA37B8-F267-4D10-9F34-DAF8A5050FAA}"
EndProject
Project("{8BC9CEB8-8B4A-11D0-8D11-00A0C91BC942}") = "Tyuiu.GandaloevMG.Sprint0.Task2.V0", "Tyuiu.GandaloevMG.Sprint0.Task2.V0\Tyuiu.GandaloevMG.Sprint0.Task2.V0.vcxproj", "{520EB77C-2FF3-457A-AB16-4D39963B5745}"
EndProject
Project("{8BC9CEB8-8B4A-11D0-8D11-00A0C91BC942}") = "Tyuiu.GandaloevMG.Sprint0.Task2.V0.Lib", "Tyuiu.GandaloevMG.Sprint0.Task2.V0.Lib\Tyuiu.GandaloevMG.Sprint0.Task2.V0.Lib.vcxproj", "{5E55B51A-E54C-4DAE-9C95-C6CCB6AC5082}"
EndProject
Project("{8BC9CEB8-8B4A-11D0-8D11-00A0C91BC942}") = "Tyuiu.GandaloevMG.Sprint0.Task2.V0.Test", "Tyuiu.GandaloevMG.Sprint0.Task2.V0.Test\Tyuiu.GandaloevMG.Sprint0.Task2.V0.Test.vcxproj", "{AB7A0AB5-4BAF-44F4-9ACA-64CC1947D355}"
EndProject
Project("{2150E333-8FDC-42A3-9474-1A3956D46DE8}") = "Task3", "Task3", "{86395B2B-F0AA-454C-B856-EEC5DE46AF61}"
EndProject
Project("{8BC9CEB8-8B4A-11D0-8D11-00A0C91BC942}") = "Tyuiu.GandaloevMG.Sprint0.Task3.V0", "Tyuiu.GandaloevMG.Sprint0.Task3.V0\Tyuiu.GandaloevMG.Sprint0.Task3.V0.vcxproj", "{B5F5F47D-770D-470D-A882-375C63494FFA}"
EndProject
Project("{8BC9CEB8-8B4A-11D0-8D11-00A0C91BC942}") = "Tyuiu.GandaloevMG.Sprint0.Task3.V0.Lib", "Tyuiu.GandaloevMG.Sprint0.Task3.V0.Lib\Tyuiu.GandaloevMG.Sprint0.Task3.V0.Lib.vcxproj", "{1E7D7DA4-A326-4EEF-A0F5-CE788C9100B9}"
EndProject
Project("{8BC9CEB8-8B4A-11D0-8D11-00A0C91BC942}") = "Tyuiu.GandaloevMG.Sprint0.Task3.V0.Test", "Tyuiu.GandaloevMG.Sprint0.Task3.V0.Test\Tyuiu.GandaloevMG.Sprint0.Task3.V0.Test.vcxproj", "{79D5DD47-5FC3-4130-9DA8-EF64445C2A72}"
EndProject
Project("{2150E333-8FDC-42A3-9474-1A3956D46DE8}") = "Task4", "Task4", "{646D0BDD-6BA5-4BF6-8697-7AEE323C77A0}"
EndProject
Project("{8BC9CEB8-8B4A-11D0-8D11-00A0C91BC942}") = "Tyuiu.GandaloevMG.Sprint0.Task4.V2", "Tyuiu.GandaloevMG.Sprint0.Task4.V2\Tyuiu.GandaloevMG.Sprint0.Task4.V2.vcxproj", "{074417C3-CA81-44C1-AC41-262832FB9F2B}"
EndProject
Project("{8BC9CEB8-8B4A-11D0-8D11-00A0C91BC942}") = "Tyuiu.GandaloevMG.Sprint0.Task4.V2.Test", "Tyuiu.GandaloevMG.Sprint0.Task4.V2.Test\Tyuiu.GandaloevMG.Sprint0.Task4.V2.Test.vcxproj", "{5D56C230-9298-4AE7-B6AD-EBE68C12A716}"
EndProject
Project("{8BC9CEB8-8B4A-11D0-8D11-00A0C91BC942}") = "Tyuiu.GandaloevMG.Sprint0.Task4.V2.Lib", "Tyuiu.GandaloevMG.Sprint0.Task4.V2.Lib\Tyuiu.GandaloevMG.Sprint0.Task4.V2.Lib.vcxproj", "{AADB325F-6ECE-4BD7-8BB5-D7E1C01ABDCB}"
EndProject
Project("{2150E333-8FDC-42A3-9474-1A3956D46DE8}") = "Task5", "Task5", "{22FCE615-9FE5-4782-BDE7-1F303569FA48}"
EndProject
Project("{8BC9CEB8-8B4A-11D0-8D11-00A0C91BC942}") = "Tyuiu.GandaloevMG.Sprint0.Task5.V2", "Tyuiu.GandaloevMG.Sprint0.Task5.V2\Tyuiu.GandaloevMG.Sprint0.Task5.V2.vcxproj", "{9ACF8D08-938C-49A0-8F39-1E5FD12F5447}"
EndProject
Project("{8BC9CEB8-8B4A-11D0-8D11-00A0C91BC942}") = "Tyuiu.GandaloevMG.Sprint0.Task5.V2.Test", "Tyuiu.GandaloevMG.Sprint0.Task5.V2.Test\Tyuiu.GandaloevMG.Sprint0.Task5.V2.Test.vcxproj", "{3CCB1EC6-4DE9-4EB2-A28A-39E317130337}"
EndProject
Project("{8BC9CEB8-8B4A-11D0-8D11-00A0C91BC942}") = "Tyuiu.GandaloevMG.Sprint0.Task5.V2.Lib", "Tyuiu.GandaloevMG.Sprint0.Task5.V2.Lib\Tyuiu.GandaloevMG.Sprint0.Task5.V2.Lib.vcxproj", "{447ECF4A-EC31-4A60-9944-8053C2A9B464}"
EndProject
Global
	GlobalSection(SolutionConfigurationPlatforms) = preSolution
		Debug|x64 = Debug|x64
		Debug|x86 = Debug|x86
		Release|x64 = Release|x64
		Release|x86 = Release|x86
	EndGlobalSection
	GlobalSection(ProjectConfigurationPlatforms) = postSolution
		{147D755D-1B2C-42EC-822A-0A35E27D632C}.Debug|x64.ActiveCfg = Debug|x64
		{147D755D-1B2C-42EC-822A-0A35E27D632C}.Debug|x64.Build.0 = Debug|x64
		{147D755D-1B2C-42EC-822A-0A35E27D632C}.Debug|x86.ActiveCfg = Debug|Win32
		{147D755D-1B2C-42EC-822A-0A35E27D632C}.Debug|x86.Build.0 = Debug|Win32
		{147D755D-1B2C-42EC-822A-0A35E27D632C}.Release|x64.ActiveCfg = Release|x64
		{147D755D-1B2C-42EC-822A-0A35E27D632C}.Release|x64.Build.0 = Release|x64
		{147D755D-1B2C-42EC-822A-0A35E27D632C}.Release|x86.ActiveCfg = Release|Win32
		{147D755D-1B2C-42EC-822A-0A35E27D632C}.Release|x86.Build.0 = Release|Win32
		{E8FA37B8-F267-4D10-9F34-DAF8A5050FAA}.Debug|x64.ActiveCfg = Debug|x64
		{E8FA37B8-F267-4D10-9F34-DAF8A5050FAA}.Debug|x64.Build.0 = Debug|x64
		{E8FA37B8-F267-4D10-9F34-DAF8A5050FAA}.Debug|x86.ActiveCfg = Debug|Win32
		{E8FA37B8-F267-4D10-9F34-DAF8A5050FAA}.Debug|x86.Build.0 = Debug|Win32
		{E8FA37B8-F267-4D10-9F34-DAF8A5050FAA}.Release|x64.ActiveCfg = Release|x64
		{E8FA37B8-F267-4D10-9F34-DAF8A5050FAA}.Release|x64.Build.0 = Release|x64
		{E8FA37B8-F267-4D10-9F34-DAF8A5050FAA}.Release|x86.ActiveCfg = Release|Win32
		{E8FA37B8-F267-4D10-9F34-DAF8A5050FAA}.Release|x86.Build.0 = Release|Win32
		{520EB77C-2FF3-457A-AB16-4D39963B5745}.Debug|x64.ActiveCfg = Debug|x64
		{520EB77C-2FF3-457A-AB16-4D39963B5745}.Debug|x64.Build.0 = Debug|x64
		{520EB77C-2FF3-457A-AB16-4D39963B5745}.Debug|x86.ActiveCfg = Debug|Win32
		{520EB77C-2FF3-457A-AB16-4D39963B5745}.Debug|x86.Build.0 = Debug|Win32
		{520EB77C-2FF3-457A-AB16-4D39963B5745}.Release|x64.ActiveCfg = Release|x64
		{520EB77C-2FF3-457A-AB16-4D39963B5745}.Release|x64.Build.0 = Release|x64
		{520EB77C-2FF3-457A-AB16-4D39963B5745}.Release|x86.ActiveCfg = Release|Win32
		{520EB77C-2FF3-457A-AB16-4D39963B5745}.Release|x86.Build.0 = Release|Win32
		{5E55B51A-E54C-4DAE-9C95-C6CCB6AC5082}.Debug|x64.ActiveCfg = Debug|x64
		{5E55B51A-E54C-4DAE-9C95-C6CCB6AC5082}.Debug|x64.Build.0 = Debug|x64
		{5E55B51A-E54C-4DAE-9C95-C6CCB6AC5082}.Debug|x86.ActiveCfg = Debug|Win32
		{5E55B51A-E54C-4DAE-9C95-C6CCB6AC5082}.Debug|x86.Build.0 = Debug|Win32
		{5E55B51A-E54C-4DAE-9C95-C6CCB6AC5082}.Release|x64.ActiveCfg = Release|x64
		{5E55B51A-E54C-4DAE-9C95-C6CCB6AC5082}.Release|x64.Build.0 = Release|x64
		{5E55B51A-E54C-4DAE-9C95-C6CCB6AC5082}.Release|x86.ActiveCfg = Release|Win32
		{5E55B51A-E54C-4DAE-9C95-C6CCB6AC5082}.Release|x86.Build.0 = Release|Win32
		{AB7A0AB5-4BAF-44F4-9ACA-64CC1947D355}.Debug|x64.ActiveCfg = Debug|x64
		{AB7A0AB5-4BAF-44F4-9ACA-64CC1947D355}.Debug|x64.Build.0 = Debug|x64
		{AB7A0AB5-4BAF-44F4-9ACA-64CC1947D355}.Debug|x86.ActiveCfg = Debug|Win32
		{AB7A0AB5-4BAF-44F4-9ACA-64CC1947D355}.Debug|x86.Build.0 = Debug|Win32
		{AB7A0AB5-4BAF-44F4-9ACA-64CC1947D355}.Release|x64.ActiveCfg = Release|x64
		{AB7A0AB5-4BAF-44F4-9ACA-64CC1947D355}.Release|x64.Build.0 = Release|x64
		{AB7A0AB5-4BAF-44F4-9ACA-64CC1947D355}.Release|x86.ActiveCfg = Release|Win32
		{AB7A0AB5-4BAF-44F4-9ACA-64CC1947D355}.Release|x86.Build.0 = Release|Win32
		{B5F5F47D-770D-470D-A882-375C63494FFA}.Debug|x64.ActiveCfg = Debug|x64
		{B5F5F47D-770D-470D-A882-375C63494FFA}.Debug|x64.Build.0 = Debug|x64
		{B5F5F47D-770D-470D-A882-375C63494FFA}.Debug|x86.ActiveCfg = Debug|Win32
		{B5F5F47D-770D-470D-A882-375C63494FFA}.Debug|x86.Build.0 = Debug|Win32
		{B5F5F47D-770D-470D-A882-375C63494FFA}.Release|x64.ActiveCfg = Release|x64
		{B5F5F47D-770D-470D-A882-375C63494FFA}.Release|x64.Build.0 = Release|x64
		{B5F5F47D-770D-470D-A882-375C63494FFA}.Release|x86.ActiveCfg = Release|Win32
		{B5F5F47D-770D-470D-A882-375C63494FFA}.Release|x86.Build.0 = Release|Win32
		{1E7D7DA4-A326-4EEF-A0F5-CE788C9100B9}.Debug|x64.ActiveCfg = Debug|x64
		{1E7D7DA4-A326-4EEF-A0F5-CE788C9100B9}.Debug|x64.Build.0 = Debug|x64
		{1E7D7DA4-A326-4EEF-A0F5-CE788C9100B9}.Debug|x86.ActiveCfg = Debug|Win32
		{1E7D7DA4-A326-4EEF-A0F5-CE788C9100B9}.Debug|x86.Build.0 = Debug|Win32
		{1E7D7DA4-A326-4EEF-A0F5-CE788C9100B9}.Release|x64.ActiveCfg = Release|x64
		{1E7D7DA4-A326-4EEF-A0F5-CE788C9100B9}.Release|x64.Build.0 = Release|x64
		{1E7D7DA4-A326-4EEF-A0F5-CE788C9100B9}.Release|x86.ActiveCfg = Release|Win32
		{1E7D7DA4-A326-4EEF-A0F5-CE788C9100B9}.Release|x86.Build.0 = Release|Win32
		{79D5DD47-5FC3-4130-9DA8-EF64445C2A72}.Debug|x64.ActiveCfg = Debug|x64
		{79D5DD47-5FC3-4130-9DA8-EF64445C2A72}.Debug|x64.Build.0 = Debug|x64
		{79D5DD47-5FC3-4130-9DA8-EF64445C2A72}.Debug|x86.ActiveCfg = Debug|Win32
		{79D5DD47-5FC3-4130-9DA8-EF64445C2A72}.Debug|x86.Build.0 = Debug|Win32
		{79D5DD47-5FC3-4130-9DA8-EF64445C2A72}.Release|x64.ActiveCfg = Release|x64
		{79D5DD47-5FC3-4130-9DA8-EF64445C2A72}.Release|x64.Build.0 = Release|x64
		{79D5DD47-5FC3-4130-9DA8-EF64445C2A72}.Release|x86.ActiveCfg = Release|Win32
		{79D5DD47-5FC3-4130-9DA8-EF64445C2A72}.Release|x86.Build.0 = Release|Win32
		{074417C3-CA81-44C1-AC41-262832FB9F2B}.Debug|x64.ActiveCfg = Debug|x64
		{074417C3-CA81-44C1-AC41-262832FB9F2B}.Debug|x64.Build.0 = Debug|x64
		{074417C3-CA81-44C1-AC41-262832FB9F2B}.Debug|x86.ActiveCfg = Debug|Win32
		{074417C3-CA81-44C1-AC41-262832FB9F2B}.Debug|x86.Build.0 = Debug|Win32
		{074417C3-CA81-44C1-AC41-262832FB9F2B}.Release|x64.ActiveCfg = Release|x64
		{074417C3-CA81-44C1-AC41-262832FB9F2B}.Release|x64.Build.0 = Release|x64
		{074417C3-CA81-44C1-AC41-262832FB9F2B}.Release|x86.ActiveCfg = Release|Win32
		{074417C3-CA81-44C1-AC41-262832FB9F2B}.Release|x86.Build.0 = Release|Win32
		{5D56C230-9298-4AE7-B6AD-EBE68C12A716}.Debug|x64.ActiveCfg = Debug|x64
		{5D56C230-9298-4AE7-B6AD-EBE68C12A716}.Debug|x64.Build.0 = Debug|x64
		{5D56C230-9298-4AE7-B6AD-EBE68C12A716}.Debug|x86.ActiveCfg = Debug|Win32
		{5D56C230-9298-4AE7-B6AD-EBE68C12A716}.Debug|x86.Build.0 = Debug|Win32
		{5D56C230-9298-4AE7-B6AD-EBE68C12A716}.Release|x64.ActiveCfg = Release|x64
		{5D56C230-9298-4AE7-B6AD-EBE68C12A716}.Release|x64.Build.0 = Release|x64
		{5D56C230-9298-4AE7-B6AD-EBE68C12A716}.Release|x86.ActiveCfg = Release|Win32
		{5D56C230-9298-4AE7-B6AD-EBE68C12A716}.Release|x86.Build.0 = Release|Win32
		{AADB325F-6ECE-4BD7-8BB5-D7E1C01ABDCB}.Debug|x64.ActiveCfg = Debug|x64
		{AADB325F-6ECE-4BD7-8BB5-D7E1C01ABDCB}.Debug|x64.Build.0 = Debug|x64
		{AADB325F-6ECE-4BD7-8BB5-D7E1C01ABDCB}.Debug|x86.ActiveCfg = Debug|Win32
		{AADB325F-6ECE-4BD7-8BB5-D7E1C01ABDCB}.Debug|x86.Build.0 = Debug|Win32
		{AADB325F-6ECE-4BD7-8BB5-D7E1C01ABDCB}.Release|x64.ActiveCfg = Release|x64
		{AADB325F-6ECE-4BD7-8BB5-D7E1C01ABDCB}.Release|x64.Build.0 = Release|x64
		{AADB325F-6ECE-4BD7-8BB5-D7E1C01ABDCB}.Release|x86.ActiveCfg = Release|Win32
		{AADB325F-6ECE-4BD7-8BB5-D7E1C01ABDCB}.Release|x86.Build.0 = Release|Win32
		{9ACF8D08-938C-49A0-8F39-1E5FD12F5447}.Debug|x64.ActiveCfg = Debug|x64
		{9ACF8D08-938C-49A0-8F39-1E5FD12F5447}.Debug|x64.Build.0 = Debug|x64
		{9ACF8D08-938C-49A0-8F39-1E5FD12F5447}.Debug|x86.ActiveCfg = Debug|Win32
		{9ACF8D08-938C-49A0-8F39-1E5FD12F5447}.Debug|x86.Build.0 = Debug|Win32
		{9ACF8D08-938C-49A0-8F39-1E5FD12F5447}.Release|x64.ActiveCfg = Release|x64
		{9ACF8D08-938C-49A0-8F39-1E5FD12F5447}.Release|x64.Build.0 = Release|x64
		{9ACF8D08-938C-49A0-8F39-1E5FD12F5447}.Release|x86.ActiveCfg = Release|Win32
		{9ACF8D08-938C-49A0-8F39-1E5FD12F5447}.Release|x86.Build.0 = Release|Win32
		{3CCB1EC6-4DE9-4EB2-A28A-39E317130337}.Debug|x64.ActiveCfg = Debug|x64
		{3CCB1EC6-4DE9-4EB2-A28A-39E317130337}.Debug|x64.Build.0 = Debug|x64
		{3CCB1EC6-4DE9-4EB2-A28A-39E317130337}.Debug|x86.ActiveCfg = Debug|Win32
		{3CCB1EC6-4DE9-4EB2-A28A-39E317130337}.Debug|x86.Build.0 = Debug|Win32
		{3CCB1EC6-4DE9-4EB2-A28A-39E317130337}.Release|x64.ActiveCfg = Release|x64
		{3CCB1EC6-4DE9-4EB2-A28A-39E317130337}.Release|x64.Build.0 = Release|x64
		{3CCB1EC6-4DE9-4EB2-A28A-39E317130337}.Release|x86.ActiveCfg = Release|Win32
		{3CCB1EC6-4DE9-4EB2-A28A-39E317130337}.Release|x86.Build.0 = Release|Win32
		{447ECF4A-EC31-4A60-9944-8053C2A9B464}.Debug|x64.ActiveCfg = Debug|x64
		{447ECF4A-EC31-4A60-9944-8053C2A9B464}.Debug|x64.Build.0 = Debug|x64
		{447ECF4A-EC31-4A60-9944-8053C2A9B464}.Debug|x86.ActiveCfg = Debug|Win32
		{447ECF4A-EC31-4A60-9944-8053C2A9B464}.Debug|x86.Build.0 = Debug|Win32
		{447ECF4A-EC31-4A60-9944-8053C2A9B464}.Release|x64.ActiveCfg = Release|x64
		{447ECF4A-EC31-4A60-9944-8053C2A9B464}.Release|x64.Build.0 = Release|x64
		{447ECF4A-EC31-4A60-9944-8053C2A9B464}.Release|x86.ActiveCfg = Release|Win32
		{447ECF4A-EC31-4A60-9944-8053C2A9B464}.Release|x86.Build.0 = Release|Win32
	EndGlobalSection
	GlobalSection(SolutionProperties) = preSolution
		HideSolutionNode = FALSE
	EndGlobalSection
	GlobalSection(NestedProjects) = preSolution
		{147D755D-1B2C-42EC-822A-0A35E27D632C} = {D9122870-F151-430D-80BE-67E174E18B06}
		{E8FA37B8-F267-4D10-9F34-DAF8A5050FAA} = {E1FA2C32-4868-45EE-BF84-AFBC900AB3CE}
		{B5F5F47D-770D-470D-A882-375C63494FFA} = {86395B2B-F0AA-454C-B856-EEC5DE46AF61}
		{1E7D7DA4-A326-4EEF-A0F5-CE788C9100B9} = {86395B2B-F0AA-454C-B856-EEC5DE46AF61}
		{79D5DD47-5FC3-4130-9DA8-EF64445C2A72} = {86395B2B-F0AA-454C-B856-EEC5DE46AF61}
		{074417C3-CA81-44C1-AC41-262832FB9F2B} = {646D0BDD-6BA5-4BF6-8697-7AEE323C77A0}
		{5D56C230-9298-4AE7-B6AD-EBE68C12A716} = {646D0BDD-6BA5-4BF6-8697-7AEE323C77A0}
		{AADB325F-6ECE-4BD7-8BB5-D7E1C01ABDCB} = {646D0BDD-6BA5-4BF6-8697-7AEE323C77A0}
		{9ACF8D08-938C-49A0-8F39-1E5FD12F5447} = {22FCE615-9FE5-4782-BDE7-1F303569FA48}
		{3CCB1EC6-4DE9-4EB2-A28A-39E317130337} = {22FCE615-9FE5-4782-BDE7-1F303569FA48}
		{447ECF4A-EC31-4A60-9944-8053C2A9B464} = {22FCE615-9FE5-4782-BDE7-1F303569FA48}
	EndGlobalSection
	GlobalSection(ExtensibilityGlobals) = postSolution
		SolutionGuid = {B9696C80-CA4A-41ED-9BEF-4CF51E9360D5}
	EndGlobalSection
EndGlobal
